// !$*UTF8*$!
{
	archiveVersion = 1;
	classes = {
	};
	objectVersion = 55;
	objects = {

/* Begin PBXBuildFile section */
		8A59B22C2876548C00518497 /* AppDelegate.m in Sources */ = {isa = PBXBuildFile; fileRef = 8A59B22B2876548C00518497 /* AppDelegate.m */; };
		8A59B22F2876548C00518497 /* SceneDelegate.m in Sources */ = {isa = PBXBuildFile; fileRef = 8A59B22E2876548C00518497 /* SceneDelegate.m */; };
		8A59B2322876548C00518497 /* ViewController.m in Sources */ = {isa = PBXBuildFile; fileRef = 8A59B2312876548C00518497 /* ViewController.m */; };
		8A59B2352876548C00518497 /* Main.storyboard in Resources */ = {isa = PBXBuildFile; fileRef = 8A59B2332876548C00518497 /* Main.storyboard */; };
		8A59B2372876548D00518497 /* Assets.xcassets in Resources */ = {isa = PBXBuildFile; fileRef = 8A59B2362876548D00518497 /* Assets.xcassets */; };
		8A59B23A2876548D00518497 /* LaunchScreen.storyboard in Resources */ = {isa = PBXBuildFile; fileRef = 8A59B2382876548D00518497 /* LaunchScreen.storyboard */; };
		8A59B23D2876548D00518497 /* main.m in Sources */ = {isa = PBXBuildFile; fileRef = 8A59B23C2876548D00518497 /* main.m */; };
		8A59B2472876548D00518497 /* ClickForTreatsTests.m in Sources */ = {isa = PBXBuildFile; fileRef = 8A59B2462876548D00518497 /* ClickForTreatsTests.m */; };
		8A59B2512876548D00518497 /* ClickForTreatsUITests.m in Sources */ = {isa = PBXBuildFile; fileRef = 8A59B2502876548D00518497 /* ClickForTreatsUITests.m */; };
		8A59B2532876548D00518497 /* ClickForTreatsUITestsLaunchTests.m in Sources */ = {isa = PBXBuildFile; fileRef = 8A59B2522876548D00518497 /* ClickForTreatsUITestsLaunchTests.m */; };
/* End PBXBuildFile section */

/* Begin PBXContainerItemProxy section */
		8A59B2432876548D00518497 /* PBXContainerItemProxy */ = {
			isa = PBXContainerItemProxy;
			containerPortal = 8A59B21F2876548C00518497 /* Project object */;
			proxyType = 1;
			remoteGlobalIDString = 8A59B2262876548C00518497;
			remoteInfo = ClickForTreats;
		};
		8A59B24D2876548D00518497 /* PBXContainerItemProxy */ = {
			isa = PBXContainerItemProxy;
			containerPortal = 8A59B21F2876548C00518497 /* Project object */;
			proxyType = 1;
			remoteGlobalIDString = 8A59B2262876548C00518497;
			remoteInfo = ClickForTreats;
		};
/* End PBXContainerItemProxy section */

/* Begin PBXFileReference section */
		8A59B2272876548C00518497 /* ClickForTreats.app */ = {isa = PBXFileReference; explicitFileType = wrapper.application; includeInIndex = 0; path = ClickForTreats.app; sourceTree = BUILT_PRODUCTS_DIR; };
		8A59B22A2876548C00518497 /* AppDelegate.h */ = {isa = PBXFileReference; lastKnownFileType = sourcecode.c.h; path = AppDelegate.h; sourceTree = "<group>"; };
		8A59B22B2876548C00518497 /* AppDelegate.m */ = {isa = PBXFileReference; lastKnownFileType = sourcecode.c.objc; path = AppDelegate.m; sourceTree = "<group>"; };
		8A59B22D2876548C00518497 /* SceneDelegate.h */ = {isa = PBXFileReference; lastKnownFileType = sourcecode.c.h; path = SceneDelegate.h; sourceTree = "<group>"; };
		8A59B22E2876548C00518497 /* SceneDelegate.m */ = {isa = PBXFileReference; lastKnownFileType = sourcecode.c.objc; path = SceneDelegate.m; sourceTree = "<group>"; };
		8A59B2302876548C00518497 /* ViewController.h */ = {isa = PBXFileReference; lastKnownFileType = sourcecode.c.h; path = ViewController.h; sourceTree = "<group>"; };
		8A59B2312876548C00518497 /* ViewController.m */ = {isa = PBXFileReference; lastKnownFileType = sourcecode.c.objc; path = ViewController.m; sourceTree = "<group>"; };
		8A59B2342876548C00518497 /* Base */ = {isa = PBXFileReference; lastKnownFileType = file.storyboard; name = Base; path = Base.lproj/Main.storyboard; sourceTree = "<group>"; };
		8A59B2362876548D00518497 /* Assets.xcassets */ = {isa = PBXFileReference; lastKnownFileType = folder.assetcatalog; path = Assets.xcassets; sourceTree = "<group>"; };
		8A59B2392876548D00518497 /* Base */ = {isa = PBXFileReference; lastKnownFileType = file.storyboard; name = Base; path = Base.lproj/LaunchScreen.storyboard; sourceTree = "<group>"; };
		8A59B23B2876548D00518497 /* Info.plist */ = {isa = PBXFileReference; lastKnownFileType = text.plist.xml; path = Info.plist; sourceTree = "<group>"; };
		8A59B23C2876548D00518497 /* main.m */ = {isa = PBXFileReference; lastKnownFileType = sourcecode.c.objc; path = main.m; sourceTree = "<group>"; };
		8A59B2422876548D00518497 /* ClickForTreatsTests.xctest */ = {isa = PBXFileReference; explicitFileType = wrapper.cfbundle; includeInIndex = 0; path = ClickForTreatsTests.xctest; sourceTree = BUILT_PRODUCTS_DIR; };
		8A59B2462876548D00518497 /* ClickForTreatsTests.m */ = {isa = PBXFileReference; lastKnownFileType = sourcecode.c.objc; path = ClickForTreatsTests.m; sourceTree = "<group>"; };
		8A59B24C2876548D00518497 /* ClickForTreatsUITests.xctest */ = {isa = PBXFileReference; explicitFileType = wrapper.cfbundle; includeInIndex = 0; path = ClickForTreatsUITests.xctest; sourceTree = BUILT_PRODUCTS_DIR; };
		8A59B2502876548D00518497 /* ClickForTreatsUITests.m */ = {isa = PBXFileReference; lastKnownFileType = sourcecode.c.objc; path = ClickForTreatsUITests.m; sourceTree = "<group>"; };
		8A59B2522876548D00518497 /* ClickForTreatsUITestsLaunchTests.m */ = {isa = PBXFileReference; lastKnownFileType = sourcecode.c.objc; path = ClickForTreatsUITestsLaunchTests.m; sourceTree = "<group>"; };
/* End PBXFileReference section */

/* Begin PBXFrameworksBuildPhase section */
		8A59B2242876548C00518497 /* Frameworks */ = {
			isa = PBXFrameworksBuildPhase;
			buildActionMask = 2147483647;
			files = (
			);
			runOnlyForDeploymentPostprocessing = 0;
		};
		8A59B23F2876548D00518497 /* Frameworks */ = {
			isa = PBXFrameworksBuildPhase;
			buildActionMask = 2147483647;
			files = (
			);
			runOnlyForDeploymentPostprocessing = 0;
		};
		8A59B2492876548D00518497 /* Frameworks */ = {
			isa = PBXFrameworksBuildPhase;
			buildActionMask = 2147483647;
			files = (
			);
			runOnlyForDeploymentPostprocessing = 0;
		};
/* End PBXFrameworksBuildPhase section */

/* Begin PBXGroup section */
		8A59B21E2876548C00518497 = {
			isa = PBXGroup;
			children = (
				8A59B2292876548C00518497 /* ClickForTreats */,
				8A59B2452876548D00518497 /* ClickForTreatsTests */,
				8A59B24F2876548D00518497 /* ClickForTreatsUITests */,
				8A59B2282876548C00518497 /* Products */,
			);
			sourceTree = "<group>";
		};
		8A59B2282876548C00518497 /* Products */ = {
			isa = PBXGroup;
			children = (
				8A59B2272876548C00518497 /* ClickForTreats.app */,
				8A59B2422876548D00518497 /* ClickForTreatsTests.xctest */,
				8A59B24C2876548D00518497 /* ClickForTreatsUITests.xctest */,
			);
			name = Products;
			sourceTree = "<group>";
		};
		8A59B2292876548C00518497 /* ClickForTreats */ = {
			isa = PBXGroup;
			children = (
				8A59B22A2876548C00518497 /* AppDelegate.h */,
				8A59B22B2876548C00518497 /* AppDelegate.m */,
				8A59B22D2876548C00518497 /* SceneDelegate.h */,
				8A59B22E2876548C00518497 /* SceneDelegate.m */,
				8A59B2302876548C00518497 /* ViewController.h */,
				8A59B2312876548C00518497 /* ViewController.m */,
				8A59B2332876548C00518497 /* Main.storyboard */,
				8A59B2362876548D00518497 /* Assets.xcassets */,
				8A59B2382876548D00518497 /* LaunchScreen.storyboard */,
				8A59B23B2876548D00518497 /* Info.plist */,
				8A59B23C2876548D00518497 /* main.m */,
			);
			path = ClickForTreats;
			sourceTree = "<group>";
		};
		8A59B2452876548D00518497 /* ClickForTreatsTests */ = {
			isa = PBXGroup;
			children = (
				8A59B2462876548D00518497 /* ClickForTreatsTests.m */,
			);
			path = ClickForTreatsTests;
			sourceTree = "<group>";
		};
		8A59B24F2876548D00518497 /* ClickForTreatsUITests */ = {
			isa = PBXGroup;
			children = (
				8A59B2502876548D00518497 /* ClickForTreatsUITests.m */,
				8A59B2522876548D00518497 /* ClickForTreatsUITestsLaunchTests.m */,
			);
			path = ClickForTreatsUITests;
			sourceTree = "<group>";
		};
/* End PBXGroup section */

/* Begin PBXNativeTarget section */
		8A59B2262876548C00518497 /* ClickForTreats */ = {
			isa = PBXNativeTarget;
			buildConfigurationList = 8A59B2562876548D00518497 /* Build configuration list for PBXNativeTarget "ClickForTreats" */;
			buildPhases = (
				8A59B2232876548C00518497 /* Sources */,
				8A59B2242876548C00518497 /* Frameworks */,
				8A59B2252876548C00518497 /* Resources */,
			);
			buildRules = (
			);
			dependencies = (
			);
			name = ClickForTreats;
			productName = ClickForTreats;
			productReference = 8A59B2272876548C00518497 /* ClickForTreats.app */;
			productType = "com.apple.product-type.application";
		};
		8A59B2412876548D00518497 /* ClickForTreatsTests */ = {
			isa = PBXNativeTarget;
			buildConfigurationList = 8A59B2592876548D00518497 /* Build configuration list for PBXNativeTarget "ClickForTreatsTests" */;
			buildPhases = (
				8A59B23E2876548D00518497 /* Sources */,
				8A59B23F2876548D00518497 /* Frameworks */,
				8A59B2402876548D00518497 /* Resources */,
			);
			buildRules = (
			);
			dependencies = (
				8A59B2442876548D00518497 /* PBXTargetDependency */,
			);
			name = ClickForTreatsTests;
			productName = ClickForTreatsTests;
			productReference = 8A59B2422876548D00518497 /* ClickForTreatsTests.xctest */;
			productType = "com.apple.product-type.bundle.unit-test";
		};
		8A59B24B2876548D00518497 /* ClickForTreatsUITests */ = {
			isa = PBXNativeTarget;
			buildConfigurationList = 8A59B25C2876548D00518497 /* Build configuration list for PBXNativeTarget "ClickForTreatsUITests" */;
			buildPhases = (
				8A59B2482876548D00518497 /* Sources */,
				8A59B2492876548D00518497 /* Frameworks */,
				8A59B24A2876548D00518497 /* Resources */,
			);
			buildRules = (
			);
			dependencies = (
				8A59B24E2876548D00518497 /* PBXTargetDependency */,
			);
			name = ClickForTreatsUITests;
			productName = ClickForTreatsUITests;
			productReference = 8A59B24C2876548D00518497 /* ClickForTreatsUITests.xctest */;
			productType = "com.apple.product-type.bundle.ui-testing";
		};
/* End PBXNativeTarget section */

/* Begin PBXProject section */
		8A59B21F2876548C00518497 /* Project object */ = {
			isa = PBXProject;
			attributes = {
				BuildIndependentTargetsInParallel = 1;
				LastUpgradeCheck = 1340;
				TargetAttributes = {
					8A59B2262876548C00518497 = {
						CreatedOnToolsVersion = 13.4;
					};
					8A59B2412876548D00518497 = {
						CreatedOnToolsVersion = 13.4;
						TestTargetID = 8A59B2262876548C00518497;
					};
					8A59B24B2876548D00518497 = {
						CreatedOnToolsVersion = 13.4;
						TestTargetID = 8A59B2262876548C00518497;
					};
				};
			};
			buildConfigurationList = 8A59B2222876548C00518497 /* Build configuration list for PBXProject "ClickForTreats" */;
			compatibilityVersion = "Xcode 13.0";
			developmentRegion = en;
			hasScannedForEncodings = 0;
			knownRegions = (
				en,
				Base,
			);
			mainGroup = 8A59B21E2876548C00518497;
			productRefGroup = 8A59B2282876548C00518497 /* Products */;
			projectDirPath = "";
			projectRoot = "";
			targets = (
				8A59B2262876548C00518497 /* ClickForTreats */,
				8A59B2412876548D00518497 /* ClickForTreatsTests */,
				8A59B24B2876548D00518497 /* ClickForTreatsUITests */,
			);
		};
/* End PBXProject section */

/* Begin PBXResourcesBuildPhase section */
		8A59B2252876548C00518497 /* Resources */ = {
			isa = PBXResourcesBuildPhase;
			buildActionMask = 2147483647;
			files = (
				8A59B23A2876548D00518497 /* LaunchScreen.storyboard in Resources */,
				8A59B2372876548D00518497 /* Assets.xcassets in Resources */,
				8A59B2352876548C00518497 /* Main.storyboard in Resources */,
			);
			runOnlyForDeploymentPostprocessing = 0;
		};
		8A59B2402876548D00518497 /* Resources */ = {
			isa = PBXResourcesBuildPhase;
			buildActionMask = 2147483647;
			files = (
			);
			runOnlyForDeploymentPostprocessing = 0;
		};
		8A59B24A2876548D00518497 /* Resources */ = {
			isa = PBXResourcesBuildPhase;
			buildActionMask = 2147483647;
			files = (
			);
			runOnlyForDeploymentPostprocessing = 0;
		};
/* End PBXResourcesBuildPhase section */

/* Begin PBXSourcesBuildPhase section */
		8A59B2232876548C00518497 /* Sources */ = {
			isa = PBXSourcesBuildPhase;
			buildActionMask = 2147483647;
			files = (
				8A59B2322876548C00518497 /* ViewController.m in Sources */,
				8A59B22C2876548C00518497 /* AppDelegate.m in Sources */,
				8A59B23D2876548D00518497 /* main.m in Sources */,
				8A59B22F2876548C00518497 /* SceneDelegate.m in Sources */,
			);
			runOnlyForDeploymentPostprocessing = 0;
		};
		8A59B23E2876548D00518497 /* Sources */ = {
			isa = PBXSourcesBuildPhase;
			buildActionMask = 2147483647;
			files = (
				8A59B2472876548D00518497 /* ClickForTreatsTests.m in Sources */,
			);
			runOnlyForDeploymentPostprocessing = 0;
		};
		8A59B2482876548D00518497 /* Sources */ = {
			isa = PBXSourcesBuildPhase;
			buildActionMask = 2147483647;
			files = (
				8A59B2532876548D00518497 /* ClickForTreatsUITestsLaunchTests.m in Sources */,
				8A59B2512876548D00518497 /* ClickForTreatsUITests.m in Sources */,
			);
			runOnlyForDeploymentPostprocessing = 0;
		};
/* End PBXSourcesBuildPhase section */

/* Begin PBXTargetDependency section */
		8A59B2442876548D00518497 /* PBXTargetDependency */ = {
			isa = PBXTargetDependency;
			target = 8A59B2262876548C00518497 /* ClickForTreats */;
			targetProxy = 8A59B2432876548D00518497 /* PBXContainerItemProxy */;
		};
		8A59B24E2876548D00518497 /* PBXTargetDependency */ = {
			isa = PBXTargetDependency;
			target = 8A59B2262876548C00518497 /* ClickForTreats */;
			targetProxy = 8A59B24D2876548D00518497 /* PBXContainerItemProxy */;
		};
/* End PBXTargetDependency section */

/* Begin PBXVariantGroup section */
		8A59B2332876548C00518497 /* Main.storyboard */ = {
			isa = PBXVariantGroup;
			children = (
				8A59B2342876548C00518497 /* Base */,
			);
			name = Main.storyboard;
			sourceTree = "<group>";
		};
		8A59B2382876548D00518497 /* LaunchScreen.storyboard */ = {
			isa = PBXVariantGroup;
			children = (
				8A59B2392876548D00518497 /* Base */,
			);
			name = LaunchScreen.storyboard;
			sourceTree = "<group>";
		};
/* End PBXVariantGroup section */

/* Begin XCBuildConfiguration section */
		8A59B2542876548D00518497 /* Debug */ = {
			isa = XCBuildConfiguration;
			buildSettings = {
				ALWAYS_SEARCH_USER_PATHS = NO;
				CLANG_ANALYZER_NONNULL = YES;
				CLANG_ANALYZER_NUMBER_OBJECT_CONVERSION = YES_AGGRESSIVE;
				CLANG_CXX_LANGUAGE_STANDARD = "gnu++17";
				CLANG_ENABLE_MODULES = YES;
				CLANG_ENABLE_OBJC_ARC = YES;
				CLANG_ENABLE_OBJC_WEAK = YES;
				CLANG_WARN_BLOCK_CAPTURE_AUTORELEASING = YES;
				CLANG_WARN_BOOL_CONVERSION = YES;
				CLANG_WARN_COMMA = YES;
				CLANG_WARN_CONSTANT_CONVERSION = YES;
				CLANG_WARN_DEPRECATED_OBJC_IMPLEMENTATIONS = YES;
				CLANG_WARN_DIRECT_OBJC_ISA_USAGE = YES_ERROR;
				CLANG_WARN_DOCUMENTATION_COMMENTS = YES;
				CLANG_WARN_EMPTY_BODY = YES;
				CLANG_WARN_ENUM_CONVERSION = YES;
				CLANG_WARN_INFINITE_RECURSION = YES;
				CLANG_WARN_INT_CONVERSION = YES;
				CLANG_WARN_NON_LITERAL_NULL_CONVERSION = YES;
				CLANG_WARN_OBJC_IMPLICIT_RETAIN_SELF = YES;
				CLANG_WARN_OBJC_LITERAL_CONVERSION = YES;
				CLANG_WARN_OBJC_ROOT_CLASS = YES_ERROR;
				CLANG_WARN_QUOTED_INCLUDE_IN_FRAMEWORK_HEADER = YES;
				CLANG_WARN_RANGE_LOOP_ANALYSIS = YES;
				CLANG_WARN_STRICT_PROTOTYPES = YES;
				CLANG_WARN_SUSPICIOUS_MOVE = YES;
				CLANG_WARN_UNGUARDED_AVAILABILITY = YES_AGGRESSIVE;
				CLANG_WARN_UNREACHABLE_CODE = YES;
				CLANG_WARN__DUPLICATE_METHOD_MATCH = YES;
				COPY_PHASE_STRIP = NO;
				DEBUG_INFORMATION_FORMAT = dwarf;
				ENABLE_STRICT_OBJC_MSGSEND = YES;
				ENABLE_TESTABILITY = YES;
				GCC_C_LANGUAGE_STANDARD = gnu11;
				GCC_DYNAMIC_NO_PIC = NO;
				GCC_NO_COMMON_BLOCKS = YES;
				GCC_OPTIMIZATION_LEVEL = 0;
				GCC_PREPROCESSOR_DEFINITIONS = (
					"DEBUG=1",
					"$(inherited)",
				);
				GCC_WARN_64_TO_32_BIT_CONVERSION = YES;
				GCC_WARN_ABOUT_RETURN_TYPE = YES_ERROR;
				GCC_WARN_UNDECLARED_SELECTOR = YES;
				GCC_WARN_UNINITIALIZED_AUTOS = YES_AGGRESSIVE;
				GCC_WARN_UNUSED_FUNCTION = YES;
				GCC_WARN_UNUSED_VARIABLE = YES;
				IPHONEOS_DEPLOYMENT_TARGET = 15.5;
				MTL_ENABLE_DEBUG_INFO = INCLUDE_SOURCE;
				MTL_FAST_MATH = YES;
				ONLY_ACTIVE_ARCH = YES;
				SDKROOT = iphoneos;
			};
			name = Debug;
		};
		8A59B2552876548D00518497 /* Release */ = {
			isa = XCBuildConfiguration;
			buildSettings = {
				ALWAYS_SEARCH_USER_PATHS = NO;
				CLANG_ANALYZER_NONNULL = YES;
				CLANG_ANALYZER_NUMBER_OBJECT_CONVERSION = YES_AGGRESSIVE;
				CLANG_CXX_LANGUAGE_STANDARD = "gnu++17";
				CLANG_ENABLE_MODULES = YES;
				CLANG_ENABLE_OBJC_ARC = YES;
				CLANG_ENABLE_OBJC_WEAK = YES;
				CLANG_WARN_BLOCK_CAPTURE_AUTORELEASING = YES;
				CLANG_WARN_BOOL_CONVERSION = YES;
				CLANG_WARN_COMMA = YES;
				CLANG_WARN_CONSTANT_CONVERSION = YES;
				CLANG_WARN_DEPRECATED_OBJC_IMPLEMENTATIONS = YES;
				CLANG_WARN_DIRECT_OBJC_ISA_USAGE = YES_ERROR;
				CLANG_WARN_DOCUMENTATION_COMMENTS = YES;
				CLANG_WARN_EMPTY_BODY = YES;
				CLANG_WARN_ENUM_CONVERSION = YES;
				CLANG_WARN_INFINITE_RECURSION = YES;
				CLANG_WARN_INT_CONVERSION = YES;
				CLANG_WARN_NON_LITERAL_NULL_CONVERSION = YES;
				CLANG_WARN_OBJC_IMPLICIT_RETAIN_SELF = YES;
				CLANG_WARN_OBJC_LITERAL_CONVERSION = YES;
				CLANG_WARN_OBJC_ROOT_CLASS = YES_ERROR;
				CLANG_WARN_QUOTED_INCLUDE_IN_FRAMEWORK_HEADER = YES;
				CLANG_WARN_RANGE_LOOP_ANALYSIS = YES;
				CLANG_WARN_STRICT_PROTOTYPES = YES;
				CLANG_WARN_SUSPICIOUS_MOVE = YES;
				CLANG_WARN_UNGUARDED_AVAILABILITY = YES_AGGRESSIVE;
				CLANG_WARN_UNREACHABLE_CODE = YES;
				CLANG_WARN__DUPLICATE_METHOD_MATCH = YES;
				COPY_PHASE_STRIP = NO;
				DEBUG_INFORMATION_FORMAT = "dwarf-with-dsym";
				ENABLE_NS_ASSERTIONS = NO;
				ENABLE_STRICT_OBJC_MSGSEND = YES;
				GCC_C_LANGUAGE_STANDARD = gnu11;
				GCC_NO_COMMON_BLOCKS = YES;
				GCC_WARN_64_TO_32_BIT_CONVERSION = YES;
				GCC_WARN_ABOUT_RETURN_TYPE = YES_ERROR;
				GCC_WARN_UNDECLARED_SELECTOR = YES;
				GCC_WARN_UNINITIALIZED_AUTOS = YES_AGGRESSIVE;
				GCC_WARN_UNUSED_FUNCTION = YES;
				GCC_WARN_UNUSED_VARIABLE = YES;
				IPHONEOS_DEPLOYMENT_TARGET = 15.5;
				MTL_ENABLE_DEBUG_INFO = NO;
				MTL_FAST_MATH = YES;
				SDKROOT = iphoneos;
				VALIDATE_PRODUCT = YES;
			};
			name = Release;
		};
		8A59B2572876548D00518497 /* Debug */ = {
			isa = XCBuildConfiguration;
			buildSettings = {
				ASSETCATALOG_COMPILER_APPICON_NAME = AppIcon;
				ASSETCATALOG_COMPILER_GLOBAL_ACCENT_COLOR_NAME = AccentColor;
				CODE_SIGN_STYLE = Automatic;
				CURRENT_PROJECT_VERSION = 1;
				GENERATE_INFOPLIST_FILE = YES;
				INFOPLIST_FILE = ClickForTreats/Info.plist;
				INFOPLIST_KEY_UIApplicationSupportsIndirectInputEvents = YES;
				INFOPLIST_KEY_UILaunchStoryboardName = LaunchScreen;
				INFOPLIST_KEY_UIMainStoryboardFile = Main;
				INFOPLIST_KEY_UISupportedInterfaceOrientations_iPad = "UIInterfaceOrientationPortrait UIInterfaceOrientationPortraitUpsideDown UIInterfaceOrientationLandscapeLeft UIInterfaceOrientationLandscapeRight";
				INFOPLIST_KEY_UISupportedInterfaceOrientations_iPhone = "UIInterfaceOrientationPortrait UIInterfaceOrientationLandscapeLeft UIInterfaceOrientationLandscapeRight";
				LD_RUNPATH_SEARCH_PATHS = (
					"$(inherited)",
					"@executable_path/Frameworks",
				);
				MARKETING_VERSION = 1.0;
				PRODUCT_BUNDLE_IDENTIFIER = com.codepath.ClickForTreats;
				PRODUCT_NAME = "$(TARGET_NAME)";
				SWIFT_EMIT_LOC_STRINGS = YES;
				TARGETED_DEVICE_FAMILY = "1,2";
			};
			name = Debug;
		};
		8A59B2582876548D00518497 /* Release */ = {
			isa = XCBuildConfiguration;
			buildSettings = {
				ASSETCATALOG_COMPILER_APPICON_NAME = AppIcon;
				ASSETCATALOG_COMPILER_GLOBAL_ACCENT_COLOR_NAME = AccentColor;
				CODE_SIGN_STYLE = Automatic;
				CURRENT_PROJECT_VERSION = 1;
				GENERATE_INFOPLIST_FILE = YES;
				INFOPLIST_FILE = ClickForTreats/Info.plist;
				INFOPLIST_KEY_UIApplicationSupportsIndirectInputEvents = YES;
				INFOPLIST_KEY_UILaunchStoryboardName = LaunchScreen;
				INFOPLIST_KEY_UIMainStoryboardFile = Main;
				INFOPLIST_KEY_UISupportedInterfaceOrientations_iPad = "UIInterfaceOrientationPortrait UIInterfaceOrientationPortraitUpsideDown UIInterfaceOrientationLandscapeLeft UIInterfaceOrientationLandscapeRight";
				INFOPLIST_KEY_UISupportedInterfaceOrientations_iPhone = "UIInterfaceOrientationPortrait UIInterfaceOrientationLandscapeLeft UIInterfaceOrientationLandscapeRight";
				LD_RUNPATH_SEARCH_PATHS = (
					"$(inherited)",
					"@executable_path/Frameworks",
				);
				MARKETING_VERSION = 1.0;
				PRODUCT_BUNDLE_IDENTIFIER = com.codepath.ClickForTreats;
				PRODUCT_NAME = "$(TARGET_NAME)";
				SWIFT_EMIT_LOC_STRINGS = YES;
				TARGETED_DEVICE_FAMILY = "1,2";
			};
			name = Release;
		};
		8A59B25A2876548D00518497 /* Debug */ = {
			isa = XCBuildConfiguration;
			buildSettings = {
				BUNDLE_LOADER = "$(TEST_HOST)";
				CODE_SIGN_STYLE = Automatic;
				CURRENT_PROJECT_VERSION = 1;
				GENERATE_INFOPLIST_FILE = YES;
				IPHONEOS_DEPLOYMENT_TARGET = 15.5;
				MARKETING_VERSION = 1.0;
				PRODUCT_BUNDLE_IDENTIFIER = com.codepath.ClickForTreatsTests;
				PRODUCT_NAME = "$(TARGET_NAME)";
				SWIFT_EMIT_LOC_STRINGS = NO;
				TARGETED_DEVICE_FAMILY = "1,2";
				TEST_HOST = "$(BUILT_PRODUCTS_DIR)/ClickForTreats.app/ClickForTreats";
			};
			name = Debug;
		};
		8A59B25B2876548D00518497 /* Release */ = {
			isa = XCBuildConfiguration;
			buildSettings = {
				BUNDLE_LOADER = "$(TEST_HOST)";
				CODE_SIGN_STYLE = Automatic;
				CURRENT_PROJECT_VERSION = 1;
				GENERATE_INFOPLIST_FILE = YES;
				IPHONEOS_DEPLOYMENT_TARGET = 15.5;
				MARKETING_VERSION = 1.0;
				PRODUCT_BUNDLE_IDENTIFIER = com.codepath.ClickForTreatsTests;
				PRODUCT_NAME = "$(TARGET_NAME)";
				SWIFT_EMIT_LOC_STRINGS = NO;
				TARGETED_DEVICE_FAMILY = "1,2";
				TEST_HOST = "$(BUILT_PRODUCTS_DIR)/ClickForTreats.app/ClickForTreats";
			};
			name = Release;
		};
		8A59B25D2876548D00518497 /* Debug */ = {
			isa = XCBuildConfiguration;
			buildSettings = {
				CODE_SIGN_STYLE = Automatic;
				CURRENT_PROJECT_VERSION = 1;
				GENERATE_INFOPLIST_FILE = YES;
				MARKETING_VERSION = 1.0;
				PRODUCT_BUNDLE_IDENTIFIER = com.codepath.ClickForTreatsUITests;
				PRODUCT_NAME = "$(TARGET_NAME)";
				SWIFT_EMIT_LOC_STRINGS = NO;
				TARGETED_DEVICE_FAMILY = "1,2";
				TEST_TARGET_NAME = ClickForTreats;
			};
			name = Debug;
		};
		8A59B25E2876548D00518497 /* Release */ = {
			isa = XCBuildConfiguration;
			buildSettings = {
				CODE_SIGN_STYLE = Automatic;
				CURRENT_PROJECT_VERSION = 1;
				GENERATE_INFOPLIST_FILE = YES;
				MARKETING_VERSION = 1.0;
				PRODUCT_BUNDLE_IDENTIFIER = com.codepath.ClickForTreatsUITests;
				PRODUCT_NAME = "$(TARGET_NAME)";
				SWIFT_EMIT_LOC_STRINGS = NO;
				TARGETED_DEVICE_FAMILY = "1,2";
				TEST_TARGET_NAME = ClickForTreats;
			};
			name = Release;
		};
/* End XCBuildConfiguration section */

/* Begin XCConfigurationList section */
		8A59B2222876548C00518497 /* Build configuration list for PBXProject "ClickForTreats" */ = {
			isa = XCConfigurationList;
			buildConfigurations = (
				8A59B2542876548D00518497 /* Debug */,
				8A59B2552876548D00518497 /* Release */,
			);
			defaultConfigurationIsVisible = 0;
			defaultConfigurationName = Release;
		};
		8A59B2562876548D00518497 /* Build configuration list for PBXNativeTarget "ClickForTreats" */ = {
			isa = XCConfigurationList;
			buildConfigurations = (
				8A59B2572876548D00518497 /* Debug */,
				8A59B2582876548D00518497 /* Release */,
			);
			defaultConfigurationIsVisible = 0;
			defaultConfigurationName = Release;
		};
		8A59B2592876548D00518497 /* Build configuration list for PBXNativeTarget "ClickForTreatsTests" */ = {
			isa = XCConfigurationList;
			buildConfigurations = (
				8A59B25A2876548D00518497 /* Debug */,
				8A59B25B2876548D00518497 /* Release */,
			);
			defaultConfigurationIsVisible = 0;
			defaultConfigurationName = Release;
		};
		8A59B25C2876548D00518497 /* Build configuration list for PBXNativeTarget "ClickForTreatsUITests" */ = {
			isa = XCConfigurationList;
			buildConfigurations = (
				8A59B25D2876548D00518497 /* Debug */,
				8A59B25E2876548D00518497 /* Release */,
			);
			defaultConfigurationIsVisible = 0;
			defaultConfigurationName = Release;
		};
/* End XCConfigurationList section */
	};
	rootObject = 8A59B21F2876548C00518497 /* Project object */;
}
